// !$*UTF8*$!
{
	archiveVersion = 1;
	classes = {
	};
	objectVersion = 46;
	objects = {

/* Begin PBXBuildFile section */
		0A737D42C86D74A2F84108AA /* libPods.a in Frameworks */ = {isa = PBXBuildFile; fileRef = 30D30700CEE5D7D98669365B /* libPods.a */; };
		1D50EDB319FDC9960012BF66 /* PlayerViewController.swift in Sources */ = {isa = PBXBuildFile; fileRef = 1D50EDB219FDC9960012BF66 /* PlayerViewController.swift */; };
		1D50EDB519FEE4080012BF66 /* ContainerViewController.swift in Sources */ = {isa = PBXBuildFile; fileRef = 1D50EDB419FEE4080012BF66 /* ContainerViewController.swift */; };
		1D5DF7271A07101400292ACE /* MiniPlayerViewController.swift in Sources */ = {isa = PBXBuildFile; fileRef = 1D5DF7261A07101400292ACE /* MiniPlayerViewController.swift */; };
		1DA3FADA1A00235D0074E869 /* SortAudioObject.swift in Sources */ = {isa = PBXBuildFile; fileRef = 1DA3FAD91A00235D0074E869 /* SortAudioObject.swift */; };
		1DB13F7619DE3BC800A60A64 /* AppDelegate.swift in Sources */ = {isa = PBXBuildFile; fileRef = 1DB13F7519DE3BC800A60A64 /* AppDelegate.swift */; };
		1DB13F7819DE3BC800A60A64 /* AudioDetailViewController.swift in Sources */ = {isa = PBXBuildFile; fileRef = 1DB13F7719DE3BC800A60A64 /* AudioDetailViewController.swift */; };
		1DB13F7B19DE3BC800A60A64 /* Main.storyboard in Resources */ = {isa = PBXBuildFile; fileRef = 1DB13F7919DE3BC800A60A64 /* Main.storyboard */; };
		1DB13F7D19DE3BC800A60A64 /* Images.xcassets in Resources */ = {isa = PBXBuildFile; fileRef = 1DB13F7C19DE3BC800A60A64 /* Images.xcassets */; };
		1DB13F8019DE3BC800A60A64 /* LaunchScreen.xib in Resources */ = {isa = PBXBuildFile; fileRef = 1DB13F7E19DE3BC800A60A64 /* LaunchScreen.xib */; };
		1DB13F8C19DE3BC800A60A64 /* Capstone_01Tests.swift in Sources */ = {isa = PBXBuildFile; fileRef = 1DB13F8B19DE3BC800A60A64 /* Capstone_01Tests.swift */; };
		1DB9E7621A11AB1200DEFD4F /* QuestionsViewController.swift in Sources */ = {isa = PBXBuildFile; fileRef = 1DB9E7611A11AB1200DEFD4F /* QuestionsViewController.swift */; };
		1DB9E7641A144B5900DEFD4F /* LoginViewController.swift in Sources */ = {isa = PBXBuildFile; fileRef = 1DB9E7631A144B5900DEFD4F /* LoginViewController.swift */; };
		1DB9E7661A144BAD00DEFD4F /* JordanSession.swift in Sources */ = {isa = PBXBuildFile; fileRef = 1DB9E7651A144BAD00DEFD4F /* JordanSession.swift */; };
		1DDAA96D1A083CE000BC897E /* JordanAudioManager.swift in Sources */ = {isa = PBXBuildFile; fileRef = 1DDAA96C1A083CE000BC897E /* JordanAudioManager.swift */; };
		1DDAA9711A090D6800BC897E /* NSNotificationCenterKeys.swift in Sources */ = {isa = PBXBuildFile; fileRef = 1DDAA9701A090D6800BC897E /* NSNotificationCenterKeys.swift */; };
		1DE36B5419F9C7AC00C3EE49 /* GlobalMenuTransitionManager.swift in Sources */ = {isa = PBXBuildFile; fileRef = 1DE36B5319F9C7AC00C3EE49 /* GlobalMenuTransitionManager.swift */; };
		1DE36B5619F9D27E00C3EE49 /* MenuViewController.swift in Sources */ = {isa = PBXBuildFile; fileRef = 1DE36B5519F9D27E00C3EE49 /* MenuViewController.swift */; };
		1DECDA0919E378B7005B486B /* APIDataManager.swift in Sources */ = {isa = PBXBuildFile; fileRef = 1DECDA0819E378B7005B486B /* APIDataManager.swift */; };
		1DECDA0B19E3792C005B486B /* JordanAudioObject.swift in Sources */ = {isa = PBXBuildFile; fileRef = 1DECDA0A19E3792C005B486B /* JordanAudioObject.swift */; };
		1DEFB77419E0A30B00B478CA /* AudioTableViewController.swift in Sources */ = {isa = PBXBuildFile; fileRef = 1DEFB77319E0A30B00B478CA /* AudioTableViewController.swift */; };
		1DF249AB19EC8735004E4F4C /* DataManagerTests.swift in Sources */ = {isa = PBXBuildFile; fileRef = 1DF249AA19EC8735004E4F4C /* DataManagerTests.swift */; };
		1DF249AC19EC875D004E4F4C /* APIDataManager.swift in Sources */ = {isa = PBXBuildFile; fileRef = 1DECDA0819E378B7005B486B /* APIDataManager.swift */; };
		1DF249AD19EC878B004E4F4C /* JordanAudioObject.swift in Sources */ = {isa = PBXBuildFile; fileRef = 1DECDA0A19E3792C005B486B /* JordanAudioObject.swift */; };
		1DF40CAE1A196F95007DD893 /* WelcomeViewController.swift in Sources */ = {isa = PBXBuildFile; fileRef = 1DF40CAD1A196F95007DD893 /* WelcomeViewController.swift */; };
		F417135219E35248000A6202 /* APIClient.swift in Sources */ = {isa = PBXBuildFile; fileRef = F417135119E35248000A6202 /* APIClient.swift */; };
		F417135319E35363000A6202 /* APIClient.swift in Sources */ = {isa = PBXBuildFile; fileRef = F417135119E35248000A6202 /* APIClient.swift */; };
/* End PBXBuildFile section */

/* Begin PBXContainerItemProxy section */
		1DB13F8619DE3BC800A60A64 /* PBXContainerItemProxy */ = {
			isa = PBXContainerItemProxy;
			containerPortal = 1DB13F6819DE3BC800A60A64 /* Project object */;
			proxyType = 1;
			remoteGlobalIDString = 1DB13F6F19DE3BC800A60A64;
			remoteInfo = "Capstone 01";
		};
/* End PBXContainerItemProxy section */

/* Begin PBXFileReference section */
		1D50EDB219FDC9960012BF66 /* PlayerViewController.swift */ = {isa = PBXFileReference; fileEncoding = 4; lastKnownFileType = sourcecode.swift; path = PlayerViewController.swift; sourceTree = "<group>"; };
		1D50EDB419FEE4080012BF66 /* ContainerViewController.swift */ = {isa = PBXFileReference; fileEncoding = 4; lastKnownFileType = sourcecode.swift; path = ContainerViewController.swift; sourceTree = "<group>"; };
		1D5DF7261A07101400292ACE /* MiniPlayerViewController.swift */ = {isa = PBXFileReference; fileEncoding = 4; lastKnownFileType = sourcecode.swift; path = MiniPlayerViewController.swift; sourceTree = "<group>"; };
		1DA3FAD91A00235D0074E869 /* SortAudioObject.swift */ = {isa = PBXFileReference; fileEncoding = 4; lastKnownFileType = sourcecode.swift; path = SortAudioObject.swift; sourceTree = "<group>"; };
		1DB13F7019DE3BC800A60A64 /* Capstone 01.app */ = {isa = PBXFileReference; explicitFileType = wrapper.application; includeInIndex = 0; path = "Capstone 01.app"; sourceTree = BUILT_PRODUCTS_DIR; };
		1DB13F7419DE3BC800A60A64 /* Info.plist */ = {isa = PBXFileReference; lastKnownFileType = text.plist.xml; path = Info.plist; sourceTree = "<group>"; };
		1DB13F7519DE3BC800A60A64 /* AppDelegate.swift */ = {isa = PBXFileReference; lastKnownFileType = sourcecode.swift; path = AppDelegate.swift; sourceTree = "<group>"; };
		1DB13F7719DE3BC800A60A64 /* AudioDetailViewController.swift */ = {isa = PBXFileReference; lastKnownFileType = sourcecode.swift; path = AudioDetailViewController.swift; sourceTree = "<group>"; };
		1DB13F7A19DE3BC800A60A64 /* Base */ = {isa = PBXFileReference; lastKnownFileType = file.storyboard; name = Base; path = Base.lproj/Main.storyboard; sourceTree = "<group>"; };
		1DB13F7C19DE3BC800A60A64 /* Images.xcassets */ = {isa = PBXFileReference; lastKnownFileType = folder.assetcatalog; path = Images.xcassets; sourceTree = "<group>"; };
		1DB13F7F19DE3BC800A60A64 /* Base */ = {isa = PBXFileReference; lastKnownFileType = file.xib; name = Base; path = Base.lproj/LaunchScreen.xib; sourceTree = "<group>"; };
		1DB13F8519DE3BC800A60A64 /* Capstone 01Tests.xctest */ = {isa = PBXFileReference; explicitFileType = wrapper.cfbundle; includeInIndex = 0; path = "Capstone 01Tests.xctest"; sourceTree = BUILT_PRODUCTS_DIR; };
		1DB13F8A19DE3BC800A60A64 /* Info.plist */ = {isa = PBXFileReference; lastKnownFileType = text.plist.xml; path = Info.plist; sourceTree = "<group>"; };
		1DB13F8B19DE3BC800A60A64 /* Capstone_01Tests.swift */ = {isa = PBXFileReference; lastKnownFileType = sourcecode.swift; path = Capstone_01Tests.swift; sourceTree = "<group>"; };
		1DB9E7611A11AB1200DEFD4F /* QuestionsViewController.swift */ = {isa = PBXFileReference; fileEncoding = 4; lastKnownFileType = sourcecode.swift; path = QuestionsViewController.swift; sourceTree = "<group>"; };
		1DB9E7631A144B5900DEFD4F /* LoginViewController.swift */ = {isa = PBXFileReference; fileEncoding = 4; lastKnownFileType = sourcecode.swift; path = LoginViewController.swift; sourceTree = "<group>"; };
		1DB9E7651A144BAD00DEFD4F /* JordanSession.swift */ = {isa = PBXFileReference; fileEncoding = 4; lastKnownFileType = sourcecode.swift; path = JordanSession.swift; sourceTree = "<group>"; };
		1DDAA96C1A083CE000BC897E /* JordanAudioManager.swift */ = {isa = PBXFileReference; fileEncoding = 4; lastKnownFileType = sourcecode.swift; path = JordanAudioManager.swift; sourceTree = "<group>"; };
		1DDAA9701A090D6800BC897E /* NSNotificationCenterKeys.swift */ = {isa = PBXFileReference; fileEncoding = 4; lastKnownFileType = sourcecode.swift; path = NSNotificationCenterKeys.swift; sourceTree = "<group>"; };
		1DE36B5319F9C7AC00C3EE49 /* GlobalMenuTransitionManager.swift */ = {isa = PBXFileReference; fileEncoding = 4; lastKnownFileType = sourcecode.swift; path = GlobalMenuTransitionManager.swift; sourceTree = "<group>"; };
		1DE36B5519F9D27E00C3EE49 /* MenuViewController.swift */ = {isa = PBXFileReference; fileEncoding = 4; lastKnownFileType = sourcecode.swift; path = MenuViewController.swift; sourceTree = "<group>"; };
		1DECDA0819E378B7005B486B /* APIDataManager.swift */ = {isa = PBXFileReference; fileEncoding = 4; lastKnownFileType = sourcecode.swift; path = APIDataManager.swift; sourceTree = "<group>"; };
		1DECDA0A19E3792C005B486B /* JordanAudioObject.swift */ = {isa = PBXFileReference; fileEncoding = 4; lastKnownFileType = sourcecode.swift; path = JordanAudioObject.swift; sourceTree = "<group>"; };
		1DEFB77319E0A30B00B478CA /* AudioTableViewController.swift */ = {isa = PBXFileReference; fileEncoding = 4; lastKnownFileType = sourcecode.swift; path = AudioTableViewController.swift; sourceTree = "<group>"; };
		1DEFB79219E0ADA200B478CA /* bridge.h */ = {isa = PBXFileReference; lastKnownFileType = sourcecode.c.h; path = bridge.h; sourceTree = "<group>"; };
		1DF249AA19EC8735004E4F4C /* DataManagerTests.swift */ = {isa = PBXFileReference; fileEncoding = 4; lastKnownFileType = sourcecode.swift; path = DataManagerTests.swift; sourceTree = "<group>"; };
		1DF40CAD1A196F95007DD893 /* WelcomeViewController.swift */ = {isa = PBXFileReference; fileEncoding = 4; lastKnownFileType = sourcecode.swift; path = WelcomeViewController.swift; sourceTree = "<group>"; };
		30D30700CEE5D7D98669365B /* libPods.a */ = {isa = PBXFileReference; explicitFileType = archive.ar; includeInIndex = 0; path = libPods.a; sourceTree = BUILT_PRODUCTS_DIR; };
		3D3EA1FAC938CE8E4EFBBDB1 /* Pods.debug.xcconfig */ = {isa = PBXFileReference; includeInIndex = 1; lastKnownFileType = text.xcconfig; name = Pods.debug.xcconfig; path = "Pods/Target Support Files/Pods/Pods.debug.xcconfig"; sourceTree = "<group>"; };
		88249390D146DA9B535B2E86 /* Pods.release.xcconfig */ = {isa = PBXFileReference; includeInIndex = 1; lastKnownFileType = text.xcconfig; name = Pods.release.xcconfig; path = "Pods/Target Support Files/Pods/Pods.release.xcconfig"; sourceTree = "<group>"; };
		F417135119E35248000A6202 /* APIClient.swift */ = {isa = PBXFileReference; fileEncoding = 4; lastKnownFileType = sourcecode.swift; path = APIClient.swift; sourceTree = "<group>"; };
/* End PBXFileReference section */

/* Begin PBXFrameworksBuildPhase section */
		1DB13F6D19DE3BC800A60A64 /* Frameworks */ = {
			isa = PBXFrameworksBuildPhase;
			buildActionMask = 2147483647;
			files = (
				0A737D42C86D74A2F84108AA /* libPods.a in Frameworks */,
			);
			runOnlyForDeploymentPostprocessing = 0;
		};
		1DB13F8219DE3BC800A60A64 /* Frameworks */ = {
			isa = PBXFrameworksBuildPhase;
			buildActionMask = 2147483647;
			files = (
			);
			runOnlyForDeploymentPostprocessing = 0;
		};
/* End PBXFrameworksBuildPhase section */

/* Begin PBXGroup section */
		1DB13F6719DE3BC800A60A64 = {
			isa = PBXGroup;
			children = (
				1DEFB79219E0ADA200B478CA /* bridge.h */,
				1DB13F7219DE3BC800A60A64 /* Capstone 01 */,
				1DB13F8819DE3BC800A60A64 /* Capstone 01Tests */,
				1DB13F7119DE3BC800A60A64 /* Products */,
				6FD5644780D2FF4D83B4129E /* Pods */,
				60A97A158EF60EB252D4239D /* Frameworks */,
			);
			sourceTree = "<group>";
		};
		1DB13F7119DE3BC800A60A64 /* Products */ = {
			isa = PBXGroup;
			children = (
				1DB13F7019DE3BC800A60A64 /* Capstone 01.app */,
				1DB13F8519DE3BC800A60A64 /* Capstone 01Tests.xctest */,
			);
			name = Products;
			sourceTree = "<group>";
		};
		1DB13F7219DE3BC800A60A64 /* Capstone 01 */ = {
			isa = PBXGroup;
			children = (
				1DBA3C8819F5EC2300587518 /* Controllers */,
				1DBA3C8719F5E93100587518 /* Models */,
				1DB13F7519DE3BC800A60A64 /* AppDelegate.swift */,
				1DB13F7C19DE3BC800A60A64 /* Images.xcassets */,
				1DB13F7E19DE3BC800A60A64 /* LaunchScreen.xib */,
				1DB13F7919DE3BC800A60A64 /* Main.storyboard */,
				1DB13F7319DE3BC800A60A64 /* Supporting Files */,
			);
			path = "Capstone 01";
			sourceTree = "<group>";
		};
		1DB13F7319DE3BC800A60A64 /* Supporting Files */ = {
			isa = PBXGroup;
			children = (
				1DB13F7419DE3BC800A60A64 /* Info.plist */,
			);
			name = "Supporting Files";
			sourceTree = "<group>";
		};
		1DB13F8819DE3BC800A60A64 /* Capstone 01Tests */ = {
			isa = PBXGroup;
			children = (
				1DB13F8B19DE3BC800A60A64 /* Capstone_01Tests.swift */,
				1DF249AA19EC8735004E4F4C /* DataManagerTests.swift */,
				1DB13F8919DE3BC800A60A64 /* Supporting Files */,
			);
			path = "Capstone 01Tests";
			sourceTree = "<group>";
		};
		1DB13F8919DE3BC800A60A64 /* Supporting Files */ = {
			isa = PBXGroup;
			children = (
				1DB13F8A19DE3BC800A60A64 /* Info.plist */,
			);
			name = "Supporting Files";
			sourceTree = "<group>";
		};
		1DBA3C8719F5E93100587518 /* Models */ = {
			isa = PBXGroup;
			children = (
				F417135119E35248000A6202 /* APIClient.swift */,
				1DECDA0819E378B7005B486B /* APIDataManager.swift */,
				1DE36B5319F9C7AC00C3EE49 /* GlobalMenuTransitionManager.swift */,
				1DDAA96C1A083CE000BC897E /* JordanAudioManager.swift */,
				1DECDA0A19E3792C005B486B /* JordanAudioObject.swift */,
				1DB9E7651A144BAD00DEFD4F /* JordanSession.swift */,
				1DDAA9701A090D6800BC897E /* NSNotificationCenterKeys.swift */,
				1DA3FAD91A00235D0074E869 /* SortAudioObject.swift */,
			);
			name = Models;
			sourceTree = "<group>";
		};
		1DBA3C8819F5EC2300587518 /* Controllers */ = {
			isa = PBXGroup;
			children = (
				1DEFB77319E0A30B00B478CA /* AudioTableViewController.swift */,
				1DB13F7719DE3BC800A60A64 /* AudioDetailViewController.swift */,
				1D50EDB419FEE4080012BF66 /* ContainerViewController.swift */,
				1DB9E7631A144B5900DEFD4F /* LoginViewController.swift */,
				1DE36B5519F9D27E00C3EE49 /* MenuViewController.swift */,
				1D5DF7261A07101400292ACE /* MiniPlayerViewController.swift */,
				1D50EDB219FDC9960012BF66 /* PlayerViewController.swift */,
				1DB9E7611A11AB1200DEFD4F /* QuestionsViewController.swift */,
				1DF40CAD1A196F95007DD893 /* WelcomeViewController.swift */,
			);
			name = Controllers;
			sourceTree = "<group>";
		};
		60A97A158EF60EB252D4239D /* Frameworks */ = {
			isa = PBXGroup;
			children = (
				30D30700CEE5D7D98669365B /* libPods.a */,
			);
			name = Frameworks;
			sourceTree = "<group>";
		};
		6FD5644780D2FF4D83B4129E /* Pods */ = {
			isa = PBXGroup;
			children = (
				3D3EA1FAC938CE8E4EFBBDB1 /* Pods.debug.xcconfig */,
				88249390D146DA9B535B2E86 /* Pods.release.xcconfig */,
			);
			name = Pods;
			sourceTree = "<group>";
		};
/* End PBXGroup section */

/* Begin PBXNativeTarget section */
		1DB13F6F19DE3BC800A60A64 /* Capstone 01 */ = {
			isa = PBXNativeTarget;
			buildConfigurationList = 1DB13F8F19DE3BC800A60A64 /* Build configuration list for PBXNativeTarget "Capstone 01" */;
			buildPhases = (
				1CABFB3AD61C0EEF701F9B4F /* Check Pods Manifest.lock */,
				1DB13F6C19DE3BC800A60A64 /* Sources */,
				1DB13F6D19DE3BC800A60A64 /* Frameworks */,
				1DB13F6E19DE3BC800A60A64 /* Resources */,
				FD774EF16E27615580C2AC1D /* Copy Pods Resources */,
			);
			buildRules = (
			);
			dependencies = (
			);
			name = "Capstone 01";
			productName = "Capstone 01";
			productReference = 1DB13F7019DE3BC800A60A64 /* Capstone 01.app */;
			productType = "com.apple.product-type.application";
		};
		1DB13F8419DE3BC800A60A64 /* Capstone 01Tests */ = {
			isa = PBXNativeTarget;
			buildConfigurationList = 1DB13F9219DE3BC800A60A64 /* Build configuration list for PBXNativeTarget "Capstone 01Tests" */;
			buildPhases = (
				1DB13F8119DE3BC800A60A64 /* Sources */,
				1DB13F8219DE3BC800A60A64 /* Frameworks */,
				1DB13F8319DE3BC800A60A64 /* Resources */,
			);
			buildRules = (
			);
			dependencies = (
				1DB13F8719DE3BC800A60A64 /* PBXTargetDependency */,
			);
			name = "Capstone 01Tests";
			productName = "Capstone 01Tests";
			productReference = 1DB13F8519DE3BC800A60A64 /* Capstone 01Tests.xctest */;
			productType = "com.apple.product-type.bundle.unit-test";
		};
/* End PBXNativeTarget section */

/* Begin PBXProject section */
		1DB13F6819DE3BC800A60A64 /* Project object */ = {
			isa = PBXProject;
			attributes = {
				LastUpgradeCheck = 0600;
				ORGANIZATIONNAME = "Rick Bowen";
				TargetAttributes = {
					1DB13F6F19DE3BC800A60A64 = {
						CreatedOnToolsVersion = 6.0.1;
						SystemCapabilities = {
							com.apple.BackgroundModes = {
								enabled = 1;
							};
						};
					};
					1DB13F8419DE3BC800A60A64 = {
						CreatedOnToolsVersion = 6.0.1;
						TestTargetID = 1DB13F6F19DE3BC800A60A64;
					};
				};
			};
			buildConfigurationList = 1DB13F6B19DE3BC800A60A64 /* Build configuration list for PBXProject "Capstone 01" */;
			compatibilityVersion = "Xcode 3.2";
			developmentRegion = English;
			hasScannedForEncodings = 0;
			knownRegions = (
				en,
				Base,
			);
			mainGroup = 1DB13F6719DE3BC800A60A64;
			productRefGroup = 1DB13F7119DE3BC800A60A64 /* Products */;
			projectDirPath = "";
			projectRoot = "";
			targets = (
				1DB13F6F19DE3BC800A60A64 /* Capstone 01 */,
				1DB13F8419DE3BC800A60A64 /* Capstone 01Tests */,
			);
		};
/* End PBXProject section */

/* Begin PBXResourcesBuildPhase section */
		1DB13F6E19DE3BC800A60A64 /* Resources */ = {
			isa = PBXResourcesBuildPhase;
			buildActionMask = 2147483647;
			files = (
				1DB13F7B19DE3BC800A60A64 /* Main.storyboard in Resources */,
				1DB13F8019DE3BC800A60A64 /* LaunchScreen.xib in Resources */,
				1DB13F7D19DE3BC800A60A64 /* Images.xcassets in Resources */,
			);
			runOnlyForDeploymentPostprocessing = 0;
		};
		1DB13F8319DE3BC800A60A64 /* Resources */ = {
			isa = PBXResourcesBuildPhase;
			buildActionMask = 2147483647;
			files = (
			);
			runOnlyForDeploymentPostprocessing = 0;
		};
/* End PBXResourcesBuildPhase section */

/* Begin PBXShellScriptBuildPhase section */
		1CABFB3AD61C0EEF701F9B4F /* Check Pods Manifest.lock */ = {
			isa = PBXShellScriptBuildPhase;
			buildActionMask = 2147483647;
			files = (
			);
			inputPaths = (
			);
			name = "Check Pods Manifest.lock";
			outputPaths = (
			);
			runOnlyForDeploymentPostprocessing = 0;
			shellPath = /bin/sh;
			shellScript = "diff \"${PODS_ROOT}/../Podfile.lock\" \"${PODS_ROOT}/Manifest.lock\" > /dev/null\nif [[ $? != 0 ]] ; then\n    cat << EOM\nerror: The sandbox is not in sync with the Podfile.lock. Run 'pod install' or update your CocoaPods installation.\nEOM\n    exit 1\nfi\n";
			showEnvVarsInLog = 0;
		};
		FD774EF16E27615580C2AC1D /* Copy Pods Resources */ = {
			isa = PBXShellScriptBuildPhase;
			buildActionMask = 2147483647;
			files = (
			);
			inputPaths = (
			);
			name = "Copy Pods Resources";
			outputPaths = (
			);
			runOnlyForDeploymentPostprocessing = 0;
			shellPath = /bin/sh;
			shellScript = "\"${SRCROOT}/Pods/Target Support Files/Pods/Pods-resources.sh\"\n";
			showEnvVarsInLog = 0;
		};
/* End PBXShellScriptBuildPhase section */

/* Begin PBXSourcesBuildPhase section */
		1DB13F6C19DE3BC800A60A64 /* Sources */ = {
			isa = PBXSourcesBuildPhase;
			buildActionMask = 2147483647;
			files = (
				1DA3FADA1A00235D0074E869 /* SortAudioObject.swift in Sources */,
				1DB13F7819DE3BC800A60A64 /* AudioDetailViewController.swift in Sources */,
				1DECDA0919E378B7005B486B /* APIDataManager.swift in Sources */,
				1DE36B5619F9D27E00C3EE49 /* MenuViewController.swift in Sources */,
				F417135219E35248000A6202 /* APIClient.swift in Sources */,
				1DEFB77419E0A30B00B478CA /* AudioTableViewController.swift in Sources */,
				1DE36B5419F9C7AC00C3EE49 /* GlobalMenuTransitionManager.swift in Sources */,
				1DECDA0B19E3792C005B486B /* JordanAudioObject.swift in Sources */,
				1D50EDB319FDC9960012BF66 /* PlayerViewController.swift in Sources */,
				1DF40CAE1A196F95007DD893 /* WelcomeViewController.swift in Sources */,
				1D50EDB519FEE4080012BF66 /* ContainerViewController.swift in Sources */,
				1DDAA96D1A083CE000BC897E /* JordanAudioManager.swift in Sources */,
				1DB9E7621A11AB1200DEFD4F /* QuestionsViewController.swift in Sources */,
				1DB9E7641A144B5900DEFD4F /* LoginViewController.swift in Sources */,
				1DB13F7619DE3BC800A60A64 /* AppDelegate.swift in Sources */,
				1DDAA9711A090D6800BC897E /* NSNotificationCenterKeys.swift in Sources */,
				1DB9E7661A144BAD00DEFD4F /* JordanSession.swift in Sources */,
				1D5DF7271A07101400292ACE /* MiniPlayerViewController.swift in Sources */,
			);
			runOnlyForDeploymentPostprocessing = 0;
		};
		1DB13F8119DE3BC800A60A64 /* Sources */ = {
			isa = PBXSourcesBuildPhase;
			buildActionMask = 2147483647;
			files = (
				1DB13F8C19DE3BC800A60A64 /* Capstone_01Tests.swift in Sources */,
				1DF249AB19EC8735004E4F4C /* DataManagerTests.swift in Sources */,
				1DF249AC19EC875D004E4F4C /* APIDataManager.swift in Sources */,
				1DF249AD19EC878B004E4F4C /* JordanAudioObject.swift in Sources */,
				F417135319E35363000A6202 /* APIClient.swift in Sources */,
			);
			runOnlyForDeploymentPostprocessing = 0;
		};
/* End PBXSourcesBuildPhase section */

/* Begin PBXTargetDependency section */
		1DB13F8719DE3BC800A60A64 /* PBXTargetDependency */ = {
			isa = PBXTargetDependency;
			target = 1DB13F6F19DE3BC800A60A64 /* Capstone 01 */;
			targetProxy = 1DB13F8619DE3BC800A60A64 /* PBXContainerItemProxy */;
		};
/* End PBXTargetDependency section */

/* Begin PBXVariantGroup section */
		1DB13F7919DE3BC800A60A64 /* Main.storyboard */ = {
			isa = PBXVariantGroup;
			children = (
				1DB13F7A19DE3BC800A60A64 /* Base */,
			);
			name = Main.storyboard;
			sourceTree = "<group>";
		};
		1DB13F7E19DE3BC800A60A64 /* LaunchScreen.xib */ = {
			isa = PBXVariantGroup;
			children = (
				1DB13F7F19DE3BC800A60A64 /* Base */,
			);
			name = LaunchScreen.xib;
			sourceTree = "<group>";
		};
/* End PBXVariantGroup section */

/* Begin XCBuildConfiguration section */
		1DB13F8D19DE3BC800A60A64 /* Debug */ = {
			isa = XCBuildConfiguration;
			buildSettings = {
				ALWAYS_SEARCH_USER_PATHS = NO;
				CLANG_CXX_LANGUAGE_STANDARD = "gnu++0x";
				CLANG_CXX_LIBRARY = "libc++";
				CLANG_ENABLE_MODULES = YES;
				CLANG_ENABLE_OBJC_ARC = YES;
				CLANG_WARN_BOOL_CONVERSION = YES;
				CLANG_WARN_CONSTANT_CONVERSION = YES;
				CLANG_WARN_DIRECT_OBJC_ISA_USAGE = YES_ERROR;
				CLANG_WARN_EMPTY_BODY = YES;
				CLANG_WARN_ENUM_CONVERSION = YES;
				CLANG_WARN_INT_CONVERSION = YES;
				CLANG_WARN_OBJC_ROOT_CLASS = YES_ERROR;
				CLANG_WARN_UNREACHABLE_CODE = YES;
				CLANG_WARN__DUPLICATE_METHOD_MATCH = YES;
				"CODE_SIGN_IDENTITY[sdk=iphoneos*]" = "iPhone Developer";
				COPY_PHASE_STRIP = NO;
				ENABLE_STRICT_OBJC_MSGSEND = YES;
				GCC_C_LANGUAGE_STANDARD = gnu99;
				GCC_DYNAMIC_NO_PIC = NO;
				GCC_OPTIMIZATION_LEVEL = 0;
				GCC_PREPROCESSOR_DEFINITIONS = (
					"DEBUG=1",
					"$(inherited)",
				);
				GCC_SYMBOLS_PRIVATE_EXTERN = NO;
				GCC_WARN_64_TO_32_BIT_CONVERSION = YES;
				GCC_WARN_ABOUT_RETURN_TYPE = YES_ERROR;
				GCC_WARN_UNDECLARED_SELECTOR = YES;
				GCC_WARN_UNINITIALIZED_AUTOS = YES_AGGRESSIVE;
				GCC_WARN_UNUSED_FUNCTION = YES;
				GCC_WARN_UNUSED_VARIABLE = YES;
				IPHONEOS_DEPLOYMENT_TARGET = 8.0;
				MTL_ENABLE_DEBUG_INFO = YES;
				ONLY_ACTIVE_ARCH = YES;
				SDKROOT = iphoneos;
				SWIFT_OPTIMIZATION_LEVEL = "-Onone";
			};
			name = Debug;
		};
		1DB13F8E19DE3BC800A60A64 /* Release */ = {
			isa = XCBuildConfiguration;
			buildSettings = {
				ALWAYS_SEARCH_USER_PATHS = NO;
				CLANG_CXX_LANGUAGE_STANDARD = "gnu++0x";
				CLANG_CXX_LIBRARY = "libc++";
				CLANG_ENABLE_MODULES = YES;
				CLANG_ENABLE_OBJC_ARC = YES;
				CLANG_WARN_BOOL_CONVERSION = YES;
				CLANG_WARN_CONSTANT_CONVERSION = YES;
				CLANG_WARN_DIRECT_OBJC_ISA_USAGE = YES_ERROR;
				CLANG_WARN_EMPTY_BODY = YES;
				CLANG_WARN_ENUM_CONVERSION = YES;
				CLANG_WARN_INT_CONVERSION = YES;
				CLANG_WARN_OBJC_ROOT_CLASS = YES_ERROR;
				CLANG_WARN_UNREACHABLE_CODE = YES;
				CLANG_WARN__DUPLICATE_METHOD_MATCH = YES;
				"CODE_SIGN_IDENTITY[sdk=iphoneos*]" = "iPhone Developer";
				COPY_PHASE_STRIP = YES;
				ENABLE_NS_ASSERTIONS = NO;
				ENABLE_STRICT_OBJC_MSGSEND = YES;
				GCC_C_LANGUAGE_STANDARD = gnu99;
				GCC_WARN_64_TO_32_BIT_CONVERSION = YES;
				GCC_WARN_ABOUT_RETURN_TYPE = YES_ERROR;
				GCC_WARN_UNDECLARED_SELECTOR = YES;
				GCC_WARN_UNINITIALIZED_AUTOS = YES_AGGRESSIVE;
				GCC_WARN_UNUSED_FUNCTION = YES;
				GCC_WARN_UNUSED_VARIABLE = YES;
				IPHONEOS_DEPLOYMENT_TARGET = 8.0;
				MTL_ENABLE_DEBUG_INFO = NO;
				SDKROOT = iphoneos;
				VALIDATE_PRODUCT = YES;
			};
			name = Release;
		};
		1DB13F9019DE3BC800A60A64 /* Debug */ = {
			isa = XCBuildConfiguration;
			baseConfigurationReference = 3D3EA1FAC938CE8E4EFBBDB1 /* Pods.debug.xcconfig */;
			buildSettings = {
				ASSETCATALOG_COMPILER_APPICON_NAME = AppIcon;
				DEFINES_MODULE = YES;
				INFOPLIST_FILE = "Capstone 01/Info.plist";
				IPHONEOS_DEPLOYMENT_TARGET = 8.0;
				LD_RUNPATH_SEARCH_PATHS = "$(inherited) @executable_path/Frameworks";
				PRODUCT_NAME = "$(TARGET_NAME)";
				SWIFT_OBJC_BRIDGING_HEADER = bridge.h;
			};
			name = Debug;
		};
		1DB13F9119DE3BC800A60A64 /* Release */ = {
			isa = XCBuildConfiguration;
			baseConfigurationReference = 88249390D146DA9B535B2E86 /* Pods.release.xcconfig */;
			buildSettings = {
				ASSETCATALOG_COMPILER_APPICON_NAME = AppIcon;
				DEFINES_MODULE = YES;
				INFOPLIST_FILE = "Capstone 01/Info.plist";
				IPHONEOS_DEPLOYMENT_TARGET = 8.0;
				LD_RUNPATH_SEARCH_PATHS = "$(inherited) @executable_path/Frameworks";
				PRODUCT_NAME = "$(TARGET_NAME)";
				SWIFT_OBJC_BRIDGING_HEADER = bridge.h;
			};
			name = Release;
		};
		1DB13F9319DE3BC800A60A64 /* Debug */ = {
			isa = XCBuildConfiguration;
			baseConfigurationReference = 3D3EA1FAC938CE8E4EFBBDB1 /* Pods.debug.xcconfig */;
			buildSettings = {
				BUNDLE_LOADER = "$(TEST_HOST)";
				FRAMEWORK_SEARCH_PATHS = (
					"$(SDKROOT)/Developer/Library/Frameworks",
					"$(inherited)",
				);
				GCC_PREPROCESSOR_DEFINITIONS = (
					"DEBUG=1",
					"$(inherited)",
				);
				INFOPLIST_FILE = "Capstone 01Tests/Info.plist";
				LD_RUNPATH_SEARCH_PATHS = "$(inherited) @executable_path/Frameworks @loader_path/Frameworks";
				PRODUCT_NAME = "$(TARGET_NAME)";
				SWIFT_OBJC_BRIDGING_HEADER = bridge.h;
				TEST_HOST = "$(BUILT_PRODUCTS_DIR)/Capstone 01.app/Capstone 01";
			};
			name = Debug;
		};
		1DB13F9419DE3BC800A60A64 /* Release */ = {
			isa = XCBuildConfiguration;
			baseConfigurationReference = 88249390D146DA9B535B2E86 /* Pods.release.xcconfig */;
			buildSettings = {
				BUNDLE_LOADER = "$(TEST_HOST)";
				FRAMEWORK_SEARCH_PATHS = (
					"$(SDKROOT)/Developer/Library/Frameworks",
					"$(inherited)",
				);
				INFOPLIST_FILE = "Capstone 01Tests/Info.plist";
				LD_RUNPATH_SEARCH_PATHS = "$(inherited) @executable_path/Frameworks @loader_path/Frameworks";
				PRODUCT_NAME = "$(TARGET_NAME)";
				SWIFT_OBJC_BRIDGING_HEADER = bridge.h;
				TEST_HOST = "$(BUILT_PRODUCTS_DIR)/Capstone 01.app/Capstone 01";
			};
			name = Release;
		};
/* End XCBuildConfiguration section */

/* Begin XCConfigurationList section */
		1DB13F6B19DE3BC800A60A64 /* Build configuration list for PBXProject "Capstone 01" */ = {
			isa = XCConfigurationList;
			buildConfigurations = (
				1DB13F8D19DE3BC800A60A64 /* Debug */,
				1DB13F8E19DE3BC800A60A64 /* Release */,
			);
			defaultConfigurationIsVisible = 0;
			defaultConfigurationName = Release;
		};
		1DB13F8F19DE3BC800A60A64 /* Build configuration list for PBXNativeTarget "Capstone 01" */ = {
			isa = XCConfigurationList;
			buildConfigurations = (
				1DB13F9019DE3BC800A60A64 /* Debug */,
				1DB13F9119DE3BC800A60A64 /* Release */,
			);
			defaultConfigurationIsVisible = 0;
			defaultConfigurationName = Release;
		};
		1DB13F9219DE3BC800A60A64 /* Build configuration list for PBXNativeTarget "Capstone 01Tests" */ = {
			isa = XCConfigurationList;
			buildConfigurations = (
				1DB13F9319DE3BC800A60A64 /* Debug */,
				1DB13F9419DE3BC800A60A64 /* Release */,
			);
			defaultConfigurationIsVisible = 0;
			defaultConfigurationName = Release;
		};
/* End XCConfigurationList section */
	};
	rootObject = 1DB13F6819DE3BC800A60A64 /* Project object */;
}
